
Microsoft Visual Studio Solution File, Format Version 12.00
Project("{FAE04EC0-301F-11D3-BF4B-00C04F79EFBC}") = "MapsterIntro", "MapsterIntro\MapsterIntro.csproj", "{A2FE27C7-91ED-4755-A758-779D5040DD41}"
EndProject
Project("{FAE04EC0-301F-11D3-BF4B-00C04F79EFBC}") = "RabbitPublisher", "RabbitMq\RabbitPublisher\RabbitPublisher.csproj", "{D40773B5-2CB1-45E3-921C-7A37C634777A}"
EndProject
Project("{FAE04EC0-301F-11D3-BF4B-00C04F79EFBC}") = "RabbitSubscriber", "RabbitMq\RabbitSubscriber\RabbitSubscriber.csproj", "{F9E858A6-B7CD-4C7A-A82A-A78613473952}"
EndProject
Project("{2150E333-8FDC-42A3-9474-1A3956D46DE8}") = "RabbitMq", "RabbitMq", "{C376F786-F83E-4D0E-99B7-0B37EB1FDEC0}"
EndProject
Project("{FAE04EC0-301F-11D3-BF4B-00C04F79EFBC}") = "RabbitMessages", "RabbitMq\RabbitMessages\RabbitMessages.csproj", "{E431A2B6-784C-42E9-AC65-2FFC64F78440}"
EndProject
Project("{FAE04EC0-301F-11D3-BF4B-00C04F79EFBC}") = "TestProject", "TestProject\TestProject.csproj", "{08216B96-9844-4245-8DA5-15D955A7532A}"
EndProject
Project("{FAE04EC0-301F-11D3-BF4B-00C04F79EFBC}") = "ImageSharpTest", "ImageSharpTest\ImageSharpTest.csproj", "{79F97F32-0416-40FF-BB53-2A4F7DF1092F}"
EndProject
Project("{FAE04EC0-301F-11D3-BF4B-00C04F79EFBC}") = "ErrorHandeling", "ErrorHandeling\ErrorHandeling.csproj", "{C951CE50-C7EC-48BC-9360-546209C056AB}"
EndProject
Project("{2150E333-8FDC-42A3-9474-1A3956D46DE8}") = "EasyNetQ", "EasyNetQ", "{BBB8AA37-BAD1-4AE2-ADDA-3CCEC3BF45C7}"
EndProject
Project("{FAE04EC0-301F-11D3-BF4B-00C04F79EFBC}") = "Client", "Client\Client.csproj", "{54806564-14B4-4D32-BAAE-8A4B51D73BBE}"
EndProject
Project("{FAE04EC0-301F-11D3-BF4B-00C04F79EFBC}") = "Server", "Server\Server.csproj", "{2E670C11-43B8-4452-8574-3C6C56B47641}"
EndProject
Project("{FAE04EC0-301F-11D3-BF4B-00C04F79EFBC}") = "Message", "Message\Message.csproj", "{55AFBB48-DAAB-4385-9B4D-76118AB8D284}"
EndProject
Project("{FAE04EC0-301F-11D3-BF4B-00C04F79EFBC}") = "NRule", "NRule\NRule.csproj", "{3EF62E46-B4B5-470F-9940-380235CC58B2}"
EndProject
Project("{FAE04EC0-301F-11D3-BF4B-00C04F79EFBC}") = "ConsoleApp1", "ConsoleApp1\ConsoleApp1.csproj", "{939A3154-1E2D-43AC-A468-04D893478E51}"
EndProject
Global
	GlobalSection(SolutionConfigurationPlatforms) = preSolution
		Debug|Any CPU = Debug|Any CPU
		Release|Any CPU = Release|Any CPU
	EndGlobalSection
	GlobalSection(ProjectConfigurationPlatforms) = postSolution
		{A2FE27C7-91ED-4755-A758-779D5040DD41}.Debug|Any CPU.ActiveCfg = Debug|Any CPU
		{A2FE27C7-91ED-4755-A758-779D5040DD41}.Debug|Any CPU.Build.0 = Debug|Any CPU
		{A2FE27C7-91ED-4755-A758-779D5040DD41}.Release|Any CPU.ActiveCfg = Release|Any CPU
		{A2FE27C7-91ED-4755-A758-779D5040DD41}.Release|Any CPU.Build.0 = Release|Any CPU
		{D40773B5-2CB1-45E3-921C-7A37C634777A}.Debug|Any CPU.ActiveCfg = Debug|Any CPU
		{D40773B5-2CB1-45E3-921C-7A37C634777A}.Debug|Any CPU.Build.0 = Debug|Any CPU
		{D40773B5-2CB1-45E3-921C-7A37C634777A}.Release|Any CPU.ActiveCfg = Release|Any CPU
		{D40773B5-2CB1-45E3-921C-7A37C634777A}.Release|Any CPU.Build.0 = Release|Any CPU
		{F9E858A6-B7CD-4C7A-A82A-A78613473952}.Debug|Any CPU.ActiveCfg = Debug|Any CPU
		{F9E858A6-B7CD-4C7A-A82A-A78613473952}.Debug|Any CPU.Build.0 = Debug|Any CPU
		{F9E858A6-B7CD-4C7A-A82A-A78613473952}.Release|Any CPU.ActiveCfg = Release|Any CPU
		{F9E858A6-B7CD-4C7A-A82A-A78613473952}.Release|Any CPU.Build.0 = Release|Any CPU
		{E431A2B6-784C-42E9-AC65-2FFC64F78440}.Debug|Any CPU.ActiveCfg = Debug|Any CPU
		{E431A2B6-784C-42E9-AC65-2FFC64F78440}.Debug|Any CPU.Build.0 = Debug|Any CPU
		{E431A2B6-784C-42E9-AC65-2FFC64F78440}.Release|Any CPU.ActiveCfg = Release|Any CPU
		{E431A2B6-784C-42E9-AC65-2FFC64F78440}.Release|Any CPU.Build.0 = Release|Any CPU
		{08216B96-9844-4245-8DA5-15D955A7532A}.Debug|Any CPU.ActiveCfg = Debug|Any CPU
		{08216B96-9844-4245-8DA5-15D955A7532A}.Debug|Any CPU.Build.0 = Debug|Any CPU
		{08216B96-9844-4245-8DA5-15D955A7532A}.Release|Any CPU.ActiveCfg = Release|Any CPU
		{08216B96-9844-4245-8DA5-15D955A7532A}.Release|Any CPU.Build.0 = Release|Any CPU
		{79F97F32-0416-40FF-BB53-2A4F7DF1092F}.Debug|Any CPU.ActiveCfg = Debug|Any CPU
		{79F97F32-0416-40FF-BB53-2A4F7DF1092F}.Debug|Any CPU.Build.0 = Debug|Any CPU
		{79F97F32-0416-40FF-BB53-2A4F7DF1092F}.Release|Any CPU.ActiveCfg = Release|Any CPU
		{79F97F32-0416-40FF-BB53-2A4F7DF1092F}.Release|Any CPU.Build.0 = Release|Any CPU
		{C951CE50-C7EC-48BC-9360-546209C056AB}.Debug|Any CPU.ActiveCfg = Debug|Any CPU
		{C951CE50-C7EC-48BC-9360-546209C056AB}.Debug|Any CPU.Build.0 = Debug|Any CPU
		{C951CE50-C7EC-48BC-9360-546209C056AB}.Release|Any CPU.ActiveCfg = Release|Any CPU
		{C951CE50-C7EC-48BC-9360-546209C056AB}.Release|Any CPU.Build.0 = Release|Any CPU
		{54806564-14B4-4D32-BAAE-8A4B51D73BBE}.Debug|Any CPU.ActiveCfg = Debug|Any CPU
		{54806564-14B4-4D32-BAAE-8A4B51D73BBE}.Debug|Any CPU.Build.0 = Debug|Any CPU
		{54806564-14B4-4D32-BAAE-8A4B51D73BBE}.Release|Any CPU.ActiveCfg = Release|Any CPU
		{54806564-14B4-4D32-BAAE-8A4B51D73BBE}.Release|Any CPU.Build.0 = Release|Any CPU
		{2E670C11-43B8-4452-8574-3C6C56B47641}.Debug|Any CPU.ActiveCfg = Debug|Any CPU
		{2E670C11-43B8-4452-8574-3C6C56B47641}.Debug|Any CPU.Build.0 = Debug|Any CPU
		{2E670C11-43B8-4452-8574-3C6C56B47641}.Release|Any CPU.ActiveCfg = Release|Any CPU
		{2E670C11-43B8-4452-8574-3C6C56B47641}.Release|Any CPU.Build.0 = Release|Any CPU
		{55AFBB48-DAAB-4385-9B4D-76118AB8D284}.Debug|Any CPU.ActiveCfg = Debug|Any CPU
		{55AFBB48-DAAB-4385-9B4D-76118AB8D284}.Debug|Any CPU.Build.0 = Debug|Any CPU
		{55AFBB48-DAAB-4385-9B4D-76118AB8D284}.Release|Any CPU.ActiveCfg = Release|Any CPU
		{55AFBB48-DAAB-4385-9B4D-76118AB8D284}.Release|Any CPU.Build.0 = Release|Any CPU
		{3EF62E46-B4B5-470F-9940-380235CC58B2}.Debug|Any CPU.ActiveCfg = Debug|Any CPU
		{3EF62E46-B4B5-470F-9940-380235CC58B2}.Debug|Any CPU.Build.0 = Debug|Any CPU
		{3EF62E46-B4B5-470F-9940-380235CC58B2}.Release|Any CPU.ActiveCfg = Release|Any CPU
		{3EF62E46-B4B5-470F-9940-380235CC58B2}.Release|Any CPU.Build.0 = Release|Any CPU
		{939A3154-1E2D-43AC-A468-04D893478E51}.Debug|Any CPU.ActiveCfg = Debug|Any CPU
		{939A3154-1E2D-43AC-A468-04D893478E51}.Debug|Any CPU.Build.0 = Debug|Any CPU
		{939A3154-1E2D-43AC-A468-04D893478E51}.Release|Any CPU.ActiveCfg = Release|Any CPU
		{939A3154-1E2D-43AC-A468-04D893478E51}.Release|Any CPU.Build.0 = Release|Any CPU
	EndGlobalSection
	GlobalSection(NestedProjects) = preSolution
		{D40773B5-2CB1-45E3-921C-7A37C634777A} = {C376F786-F83E-4D0E-99B7-0B37EB1FDEC0}
		{F9E858A6-B7CD-4C7A-A82A-A78613473952} = {C376F786-F83E-4D0E-99B7-0B37EB1FDEC0}
		{E431A2B6-784C-42E9-AC65-2FFC64F78440} = {C376F786-F83E-4D0E-99B7-0B37EB1FDEC0}
		{54806564-14B4-4D32-BAAE-8A4B51D73BBE} = {BBB8AA37-BAD1-4AE2-ADDA-3CCEC3BF45C7}
		{2E670C11-43B8-4452-8574-3C6C56B47641} = {BBB8AA37-BAD1-4AE2-ADDA-3CCEC3BF45C7}
		{55AFBB48-DAAB-4385-9B4D-76118AB8D284} = {BBB8AA37-BAD1-4AE2-ADDA-3CCEC3BF45C7}
	EndGlobalSection
EndGlobal
